
Microsoft Visual Studio Solution File, Format Version 12.00
# Visual Studio Version 17
VisualStudioVersion = 17.3.32929.385
MinimumVisualStudioVersion = 10.0.40219.1
Project("{FAE04EC0-301F-11D3-BF4B-00C04F79EFBC}") = "XandO", "XandO\XandO.csproj", "{DF9ECE88-3616-483A-AE9E-5ED978018B9F}"
EndProject
Global
	GlobalSection(SolutionConfigurationPlatforms) = preSolution
		Debug|Any CPU = Debug|Any CPU
		Release|Any CPU = Release|Any CPU
	EndGlobalSection
	GlobalSection(ProjectConfigurationPlatforms) = postSolution
		{DF9ECE88-3616-483A-AE9E-5ED978018B9F}.Debug|Any CPU.ActiveCfg = Debug|Any CPU
		{DF9ECE88-3616-483A-AE9E-5ED978018B9F}.Debug|Any CPU.Build.0 = Debug|Any CPU
		{DF9ECE88-3616-483A-AE9E-5ED978018B9F}.Release|Any CPU.ActiveCfg = Release|Any CPU
		{DF9ECE88-3616-483A-AE9E-5ED978018B9F}.Release|Any CPU.Build.0 = Release|Any CPU
	EndGlobalSection
	GlobalSection(SolutionProperties) = preSolution
		HideSolutionNode = FALSE
	EndGlobalSection
	GlobalSection(ExtensibilityGlobals) = postSolution
		SolutionGuid = {6497C366-4F2A-45DB-8FE3-DE213B3451FA}
	EndGlobalSection
EndGlobal
